// !$*UTF8*$!
{
	archiveVersion = 1;
	classes = {
	};
	objectVersion = 55;
	objects = {

/* Begin PBXBuildFile section */
		1E1244A629CA631F0031B121 /* WebKitModel.swift in Sources */ = {isa = PBXBuildFile; fileRef = 1E1244A529CA631F0031B121 /* WebKitModel.swift */; };
		1E1244B829CD05610031B121 /* SpotMusicUITests.swift in Sources */ = {isa = PBXBuildFile; fileRef = 1E1244B729CD05610031B121 /* SpotMusicUITests.swift */; };
		1E1244BA29CD05610031B121 /* SpotMusicUITestsLaunchTests.swift in Sources */ = {isa = PBXBuildFile; fileRef = 1E1244B929CD05610031B121 /* SpotMusicUITestsLaunchTests.swift */; };
		1E18439B29BEB4A0002F792D /* AddplaylistViewControllerTest.swift in Sources */ = {isa = PBXBuildFile; fileRef = 1E18439A29BEB4A0002F792D /* AddplaylistViewControllerTest.swift */; };
		1E2145E1298C5A5D00109F03 /* Models2.swift in Sources */ = {isa = PBXBuildFile; fileRef = 1E2145E0298C5A5D00109F03 /* Models2.swift */; };
		1E2145E4298C5F3000109F03 /* AuthenticationManager.swift in Sources */ = {isa = PBXBuildFile; fileRef = 1E2145E3298C5F3000109F03 /* AuthenticationManager.swift */; };
		1E21F663297F51B2004B1FA9 /* MusicCollectionViewCell.swift in Sources */ = {isa = PBXBuildFile; fileRef = 1E21F662297F51B2004B1FA9 /* MusicCollectionViewCell.swift */; };
		1E2B78C629D629EB00687CBA /* AddMusicTableViewCell.swift in Sources */ = {isa = PBXBuildFile; fileRef = 1E2B78C529D629EB00687CBA /* AddMusicTableViewCell.swift */; };
		1E2B78C829D65DAE00687CBA /* Credentials.swift in Sources */ = {isa = PBXBuildFile; fileRef = 1E2B78C729D65DAE00687CBA /* Credentials.swift */; };
		1E2BA15729ABD22300CBD527 /* SearchResponseModel.swift in Sources */ = {isa = PBXBuildFile; fileRef = 1E2BA15629ABD22300CBD527 /* SearchResponseModel.swift */; };
		1E2BB0852980886900608DE5 /* SearchResultsViewController.swift in Sources */ = {isa = PBXBuildFile; fileRef = 1E2BB0842980886900608DE5 /* SearchResultsViewController.swift */; };
		1E33E35F29B6BCA7007F9FAE /* SearchResultViewControllerTest.swift in Sources */ = {isa = PBXBuildFile; fileRef = 1E33E35E29B6BCA7007F9FAE /* SearchResultViewControllerTest.swift */; };
		1E33E36129B6BE92007F9FAE /* SearchResultViewModelMock.swift in Sources */ = {isa = PBXBuildFile; fileRef = 1E33E36029B6BE92007F9FAE /* SearchResultViewModelMock.swift */; };
		1E341EFA29C135D80098DF71 /* PromptPlaylistCreatedView.swift in Sources */ = {isa = PBXBuildFile; fileRef = 1E341EF929C135D80098DF71 /* PromptPlaylistCreatedView.swift */; };
		1E341EFC29C13C6A0098DF71 /* AddPlaylistViewModel.swift in Sources */ = {isa = PBXBuildFile; fileRef = 1E341EFB29C13C6A0098DF71 /* AddPlaylistViewModel.swift */; };
		1E38265129ABA44B005466CD /* SearchResultViewModel.swift in Sources */ = {isa = PBXBuildFile; fileRef = 1E38265029ABA44B005466CD /* SearchResultViewModel.swift */; };
		1E38265329ABA827005466CD /* SearchModel.swift in Sources */ = {isa = PBXBuildFile; fileRef = 1E38265229ABA827005466CD /* SearchModel.swift */; };
		1E3A77C02A26A4F0001A71E8 /* DescriptionViewController.swift in Sources */ = {isa = PBXBuildFile; fileRef = 1E3A77BF2A26A4F0001A71E8 /* DescriptionViewController.swift */; };
		1E3C3C8729BAAB7400E3E6EF /* PlaylistViewControllerTest.swift in Sources */ = {isa = PBXBuildFile; fileRef = 1E3C3C8629BAAB7400E3E6EF /* PlaylistViewControllerTest.swift */; };
		1E3C3C8929BAAC6100E3E6EF /* PlaylistViewModelMock.swift in Sources */ = {isa = PBXBuildFile; fileRef = 1E3C3C8829BAAC6100E3E6EF /* PlaylistViewModelMock.swift */; };
		1E3CC51629C2A2AF007E0FFC /* PromptTest.swift in Sources */ = {isa = PBXBuildFile; fileRef = 1E3CC51529C2A2AF007E0FFC /* PromptTest.swift */; };
		1E3CC51829C2A34A007E0FFC /* PromptViewDelegate.swift in Sources */ = {isa = PBXBuildFile; fileRef = 1E3CC51729C2A34A007E0FFC /* PromptViewDelegate.swift */; };
		1E3CC51B29C2A745007E0FFC /* AudioModuleTest.swift in Sources */ = {isa = PBXBuildFile; fileRef = 1E3CC51A29C2A745007E0FFC /* AudioModuleTest.swift */; };
		1E3CC51D29C2AB85007E0FFC /* audioPrueba.mp3 in Resources */ = {isa = PBXBuildFile; fileRef = 1E3CC51C29C2AB84007E0FFC /* audioPrueba.mp3 */; };
		1E4353A029B4DB5F00B0CC5A /* PlaylistViewModelTest.swift in Sources */ = {isa = PBXBuildFile; fileRef = 1E43539F29B4DB5F00B0CC5A /* PlaylistViewModelTest.swift */; };
		1E4353A529B4EE4100B0CC5A /* SearchResultViewModelTest.swift in Sources */ = {isa = PBXBuildFile; fileRef = 1E4353A429B4EE4100B0CC5A /* SearchResultViewModelTest.swift */; };
		1E49B573297D793C00698D1F /* AppDelegate.swift in Sources */ = {isa = PBXBuildFile; fileRef = 1E49B572297D793C00698D1F /* AppDelegate.swift */; };
		1E49B575297D793C00698D1F /* SceneDelegate.swift in Sources */ = {isa = PBXBuildFile; fileRef = 1E49B574297D793C00698D1F /* SceneDelegate.swift */; };
		1E49B577297D793C00698D1F /* HomeViewController.swift in Sources */ = {isa = PBXBuildFile; fileRef = 1E49B576297D793C00698D1F /* HomeViewController.swift */; };
		1E49B57C297D793F00698D1F /* Assets.xcassets in Resources */ = {isa = PBXBuildFile; fileRef = 1E49B57B297D793F00698D1F /* Assets.xcassets */; };
		1E49B57F297D793F00698D1F /* LaunchScreen.storyboard in Resources */ = {isa = PBXBuildFile; fileRef = 1E49B57D297D793F00698D1F /* LaunchScreen.storyboard */; };
		1E49B588297D7A4000698D1F /* APICaller.swift in Sources */ = {isa = PBXBuildFile; fileRef = 1E49B587297D7A4000698D1F /* APICaller.swift */; };
		1E49B58A297DBC0300698D1F /* Help.swift in Sources */ = {isa = PBXBuildFile; fileRef = 1E49B589297DBC0300698D1F /* Help.swift */; };
		1E49B58C297DCCBD00698D1F /* KeychainManager.swift in Sources */ = {isa = PBXBuildFile; fileRef = 1E49B58B297DCCBD00698D1F /* KeychainManager.swift */; };
		1E49B58F297DDBA800698D1F /* MainCoordinator.swift in Sources */ = {isa = PBXBuildFile; fileRef = 1E49B58E297DDBA800698D1F /* MainCoordinator.swift */; };
		1E49B592297DE01000698D1F /* HomeViewModel.swift in Sources */ = {isa = PBXBuildFile; fileRef = 1E49B591297DE01000698D1F /* HomeViewModel.swift */; };
		1E4A8B9A2995988E00D0714D /* AudioModule.swift in Sources */ = {isa = PBXBuildFile; fileRef = 1E4A8B992995988E00D0714D /* AudioModule.swift */; };
		1E53036529B1465D00685CB0 /* HomeViewModelTest.swift in Sources */ = {isa = PBXBuildFile; fileRef = 1E53036429B1465D00685CB0 /* HomeViewModelTest.swift */; };
		1E53036C29B1522B00685CB0 /* APIMock.swift in Sources */ = {isa = PBXBuildFile; fileRef = 1E53036B29B1522B00685CB0 /* APIMock.swift */; };
		1E53036E29B153D700685CB0 /* HomeViewSpy.swift in Sources */ = {isa = PBXBuildFile; fileRef = 1E53036D29B153D700685CB0 /* HomeViewSpy.swift */; };
		1E53E6AD29C752A3009CBCE2 /* WebKit.swift in Sources */ = {isa = PBXBuildFile; fileRef = 1E53E6AC29C752A3009CBCE2 /* WebKit.swift */; };
		1E53E6B029C7AF7E009CBCE2 /* WebKitAuthViewModel.swift in Sources */ = {isa = PBXBuildFile; fileRef = 1E53E6AF29C7AF7E009CBCE2 /* WebKitAuthViewModel.swift */; };
		1E53E6B229C7AF9C009CBCE2 /* WebKitAuthViewController.swift in Sources */ = {isa = PBXBuildFile; fileRef = 1E53E6B129C7AF9C009CBCE2 /* WebKitAuthViewController.swift */; };
		1E582A9129A29E5E00BB97F3 /* AddPlaylistViewController.swift in Sources */ = {isa = PBXBuildFile; fileRef = 1E582A9029A29E5E00BB97F3 /* AddPlaylistViewController.swift */; };
		1E58410129D7B416009B824D /* TrackRecommendationsModel.swift in Sources */ = {isa = PBXBuildFile; fileRef = 1E58410029D7B416009B824D /* TrackRecommendationsModel.swift */; };
		1E64AE1729D0822000F8A64F /* AddMusicViewController.swift in Sources */ = {isa = PBXBuildFile; fileRef = 1E64AE1629D0822000F8A64F /* AddMusicViewController.swift */; };
		1E64AE1A29D0A0D000F8A64F /* Colors.swift in Sources */ = {isa = PBXBuildFile; fileRef = 1E64AE1929D0A0D000F8A64F /* Colors.swift */; };
		1E64AE1C29D11CCC00F8A64F /* RecommendationsModel.swift in Sources */ = {isa = PBXBuildFile; fileRef = 1E64AE1B29D11CCC00F8A64F /* RecommendationsModel.swift */; };
		1E64AE1E29D11F1200F8A64F /* AddMusicViewModel.swift in Sources */ = {isa = PBXBuildFile; fileRef = 1E64AE1D29D11F1200F8A64F /* AddMusicViewModel.swift */; };
		1E655E2D29BA82EB00B5D51B /* AudioModuleMock.swift in Sources */ = {isa = PBXBuildFile; fileRef = 1E655E2C29BA82EB00B5D51B /* AudioModuleMock.swift */; };
		1E655E2F29BA887900B5D51B /* NavigationControllerMock.swift in Sources */ = {isa = PBXBuildFile; fileRef = 1E655E2E29BA887900B5D51B /* NavigationControllerMock.swift */; };
		1E655E3329BA896000B5D51B /* CoordinatorTest.swift in Sources */ = {isa = PBXBuildFile; fileRef = 1E655E3229BA896000B5D51B /* CoordinatorTest.swift */; };
		1E6CE30029CE677D00F8CB2D /* AddPlaylistModel.swift in Sources */ = {isa = PBXBuildFile; fileRef = 1E6CE2FF29CE677D00F8CB2D /* AddPlaylistModel.swift */; };
		1E7F584229DA1AAE00C92AC9 /* AddItemModel.swift in Sources */ = {isa = PBXBuildFile; fileRef = 1E7F584129DA1AAE00C92AC9 /* AddItemModel.swift */; };
		1EA9E3192986EEBC00A3693A /* Models.swift in Sources */ = {isa = PBXBuildFile; fileRef = 1EA9E3182986EEBC00A3693A /* Models.swift */; };
		1EA9E31B2986FDAD00A3693A /* PlaylistsHomeModel.swift in Sources */ = {isa = PBXBuildFile; fileRef = 1EA9E31A2986FDAD00A3693A /* PlaylistsHomeModel.swift */; };
		1EA9E31E29871DC200A3693A /* SDWebImage in Frameworks */ = {isa = PBXBuildFile; productRef = 1EA9E31D29871DC200A3693A /* SDWebImage */; };
		1EA9E32029871DC200A3693A /* SDWebImageMapKit in Frameworks */ = {isa = PBXBuildFile; productRef = 1EA9E31F29871DC200A3693A /* SDWebImageMapKit */; };
		1EA9E32329873AF500A3693A /* PlaylistViewController.swift in Sources */ = {isa = PBXBuildFile; fileRef = 1EA9E32229873AF500A3693A /* PlaylistViewController.swift */; };
		1EA9E32529873CE700A3693A /* PlaylistTableViewCell.swift in Sources */ = {isa = PBXBuildFile; fileRef = 1EA9E32429873CE700A3693A /* PlaylistTableViewCell.swift */; };
		1EA9E3272989C28900A3693A /* PlaylistModel.swift in Sources */ = {isa = PBXBuildFile; fileRef = 1EA9E3262989C28900A3693A /* PlaylistModel.swift */; };
		1EA9E3292989C56F00A3693A /* PlaylistViewModel.swift in Sources */ = {isa = PBXBuildFile; fileRef = 1EA9E3282989C56F00A3693A /* PlaylistViewModel.swift */; };
		1EB4D4E929DB9EBB009AB426 /* AddSearchViewController.swift in Sources */ = {isa = PBXBuildFile; fileRef = 1EB4D4E829DB9EBB009AB426 /* AddSearchViewController.swift */; };
		1EB5FBE429A8080E00BF5440 /* SearchItemTableViewCell.swift in Sources */ = {isa = PBXBuildFile; fileRef = 1EB5FBE329A8080E00BF5440 /* SearchItemTableViewCell.swift */; };
		1ECA504529C3BCB000927034 /* PopUpViewController.swift in Sources */ = {isa = PBXBuildFile; fileRef = 1ECA504429C3BCB000927034 /* PopUpViewController.swift */; };
		1EDB08F329BE9F6900E9C5E9 /* HomeViewControllerTest.swift in Sources */ = {isa = PBXBuildFile; fileRef = 1EDB08F229BE9F6900E9C5E9 /* HomeViewControllerTest.swift */; };
/* End PBXBuildFile section */

/* Begin PBXContainerItemProxy section */
		1E1244BB29CD05610031B121 /* PBXContainerItemProxy */ = {
			isa = PBXContainerItemProxy;
			containerPortal = 1E49B567297D793C00698D1F /* Project object */;
			proxyType = 1;
			remoteGlobalIDString = 1E49B56E297D793C00698D1F;
			remoteInfo = SpotMusic;
		};
		1E53036629B1465D00685CB0 /* PBXContainerItemProxy */ = {
			isa = PBXContainerItemProxy;
			containerPortal = 1E49B567297D793C00698D1F /* Project object */;
			proxyType = 1;
			remoteGlobalIDString = 1E49B56E297D793C00698D1F;
			remoteInfo = SpotMusic;
		};
/* End PBXContainerItemProxy section */

/* Begin PBXFileReference section */
		1E1244A529CA631F0031B121 /* WebKitModel.swift */ = {isa = PBXFileReference; lastKnownFileType = sourcecode.swift; path = WebKitModel.swift; sourceTree = "<group>"; };
		1E1244B529CD05610031B121 /* SpotMusicUITests.xctest */ = {isa = PBXFileReference; explicitFileType = wrapper.cfbundle; includeInIndex = 0; path = SpotMusicUITests.xctest; sourceTree = BUILT_PRODUCTS_DIR; };
		1E1244B729CD05610031B121 /* SpotMusicUITests.swift */ = {isa = PBXFileReference; lastKnownFileType = sourcecode.swift; path = SpotMusicUITests.swift; sourceTree = "<group>"; };
		1E1244B929CD05610031B121 /* SpotMusicUITestsLaunchTests.swift */ = {isa = PBXFileReference; lastKnownFileType = sourcecode.swift; path = SpotMusicUITestsLaunchTests.swift; sourceTree = "<group>"; };
		1E18439A29BEB4A0002F792D /* AddplaylistViewControllerTest.swift */ = {isa = PBXFileReference; lastKnownFileType = sourcecode.swift; path = AddplaylistViewControllerTest.swift; sourceTree = "<group>"; };
		1E2145E0298C5A5D00109F03 /* Models2.swift */ = {isa = PBXFileReference; lastKnownFileType = sourcecode.swift; path = Models2.swift; sourceTree = "<group>"; };
		1E2145E3298C5F3000109F03 /* AuthenticationManager.swift */ = {isa = PBXFileReference; lastKnownFileType = sourcecode.swift; path = AuthenticationManager.swift; sourceTree = "<group>"; };
		1E21F662297F51B2004B1FA9 /* MusicCollectionViewCell.swift */ = {isa = PBXFileReference; lastKnownFileType = sourcecode.swift; path = MusicCollectionViewCell.swift; sourceTree = "<group>"; };
		1E2B78C529D629EB00687CBA /* AddMusicTableViewCell.swift */ = {isa = PBXFileReference; lastKnownFileType = sourcecode.swift; path = AddMusicTableViewCell.swift; sourceTree = "<group>"; };
		1E2B78C729D65DAE00687CBA /* Credentials.swift */ = {isa = PBXFileReference; lastKnownFileType = sourcecode.swift; path = Credentials.swift; sourceTree = "<group>"; };
		1E2BA15629ABD22300CBD527 /* SearchResponseModel.swift */ = {isa = PBXFileReference; lastKnownFileType = sourcecode.swift; path = SearchResponseModel.swift; sourceTree = "<group>"; };
		1E2BB0842980886900608DE5 /* SearchResultsViewController.swift */ = {isa = PBXFileReference; lastKnownFileType = sourcecode.swift; path = SearchResultsViewController.swift; sourceTree = "<group>"; };
		1E33E35E29B6BCA7007F9FAE /* SearchResultViewControllerTest.swift */ = {isa = PBXFileReference; lastKnownFileType = sourcecode.swift; path = SearchResultViewControllerTest.swift; sourceTree = "<group>"; };
		1E33E36029B6BE92007F9FAE /* SearchResultViewModelMock.swift */ = {isa = PBXFileReference; lastKnownFileType = sourcecode.swift; path = SearchResultViewModelMock.swift; sourceTree = "<group>"; };
		1E341EF929C135D80098DF71 /* PromptPlaylistCreatedView.swift */ = {isa = PBXFileReference; lastKnownFileType = sourcecode.swift; path = PromptPlaylistCreatedView.swift; sourceTree = "<group>"; };
		1E341EFB29C13C6A0098DF71 /* AddPlaylistViewModel.swift */ = {isa = PBXFileReference; lastKnownFileType = sourcecode.swift; path = AddPlaylistViewModel.swift; sourceTree = "<group>"; };
		1E38265029ABA44B005466CD /* SearchResultViewModel.swift */ = {isa = PBXFileReference; lastKnownFileType = sourcecode.swift; path = SearchResultViewModel.swift; sourceTree = "<group>"; };
		1E38265229ABA827005466CD /* SearchModel.swift */ = {isa = PBXFileReference; lastKnownFileType = sourcecode.swift; path = SearchModel.swift; sourceTree = "<group>"; };
		1E3A77BF2A26A4F0001A71E8 /* DescriptionViewController.swift */ = {isa = PBXFileReference; lastKnownFileType = sourcecode.swift; path = DescriptionViewController.swift; sourceTree = "<group>"; };
		1E3C3C8629BAAB7400E3E6EF /* PlaylistViewControllerTest.swift */ = {isa = PBXFileReference; lastKnownFileType = sourcecode.swift; path = PlaylistViewControllerTest.swift; sourceTree = "<group>"; };
		1E3C3C8829BAAC6100E3E6EF /* PlaylistViewModelMock.swift */ = {isa = PBXFileReference; lastKnownFileType = sourcecode.swift; path = PlaylistViewModelMock.swift; sourceTree = "<group>"; };
		1E3CC51529C2A2AF007E0FFC /* PromptTest.swift */ = {isa = PBXFileReference; lastKnownFileType = sourcecode.swift; path = PromptTest.swift; sourceTree = "<group>"; };
		1E3CC51729C2A34A007E0FFC /* PromptViewDelegate.swift */ = {isa = PBXFileReference; lastKnownFileType = sourcecode.swift; path = PromptViewDelegate.swift; sourceTree = "<group>"; };
		1E3CC51A29C2A745007E0FFC /* AudioModuleTest.swift */ = {isa = PBXFileReference; lastKnownFileType = sourcecode.swift; path = AudioModuleTest.swift; sourceTree = "<group>"; };
		1E3CC51C29C2AB84007E0FFC /* audioPrueba.mp3 */ = {isa = PBXFileReference; lastKnownFileType = audio.mp3; path = audioPrueba.mp3; sourceTree = "<group>"; };
		1E43539F29B4DB5F00B0CC5A /* PlaylistViewModelTest.swift */ = {isa = PBXFileReference; lastKnownFileType = sourcecode.swift; path = PlaylistViewModelTest.swift; sourceTree = "<group>"; };
		1E4353A429B4EE4100B0CC5A /* SearchResultViewModelTest.swift */ = {isa = PBXFileReference; lastKnownFileType = sourcecode.swift; path = SearchResultViewModelTest.swift; sourceTree = "<group>"; };
		1E49B56F297D793C00698D1F /* SpotMusic.app */ = {isa = PBXFileReference; explicitFileType = wrapper.application; includeInIndex = 0; path = SpotMusic.app; sourceTree = BUILT_PRODUCTS_DIR; };
		1E49B572297D793C00698D1F /* AppDelegate.swift */ = {isa = PBXFileReference; lastKnownFileType = sourcecode.swift; path = AppDelegate.swift; sourceTree = "<group>"; };
		1E49B574297D793C00698D1F /* SceneDelegate.swift */ = {isa = PBXFileReference; lastKnownFileType = sourcecode.swift; path = SceneDelegate.swift; sourceTree = "<group>"; };
		1E49B576297D793C00698D1F /* HomeViewController.swift */ = {isa = PBXFileReference; lastKnownFileType = sourcecode.swift; path = HomeViewController.swift; sourceTree = "<group>"; };
		1E49B57B297D793F00698D1F /* Assets.xcassets */ = {isa = PBXFileReference; lastKnownFileType = folder.assetcatalog; path = Assets.xcassets; sourceTree = "<group>"; };
		1E49B57E297D793F00698D1F /* Base */ = {isa = PBXFileReference; lastKnownFileType = file.storyboard; name = Base; path = Base.lproj/LaunchScreen.storyboard; sourceTree = "<group>"; };
		1E49B580297D793F00698D1F /* Info.plist */ = {isa = PBXFileReference; lastKnownFileType = text.plist.xml; path = Info.plist; sourceTree = "<group>"; };
		1E49B587297D7A4000698D1F /* APICaller.swift */ = {isa = PBXFileReference; lastKnownFileType = sourcecode.swift; path = APICaller.swift; sourceTree = "<group>"; };
		1E49B589297DBC0300698D1F /* Help.swift */ = {isa = PBXFileReference; lastKnownFileType = sourcecode.swift; path = Help.swift; sourceTree = "<group>"; };
		1E49B58B297DCCBD00698D1F /* KeychainManager.swift */ = {isa = PBXFileReference; lastKnownFileType = sourcecode.swift; path = KeychainManager.swift; sourceTree = "<group>"; };
		1E49B58E297DDBA800698D1F /* MainCoordinator.swift */ = {isa = PBXFileReference; lastKnownFileType = sourcecode.swift; path = MainCoordinator.swift; sourceTree = "<group>"; };
		1E49B591297DE01000698D1F /* HomeViewModel.swift */ = {isa = PBXFileReference; lastKnownFileType = sourcecode.swift; path = HomeViewModel.swift; sourceTree = "<group>"; };
		1E4A8B992995988E00D0714D /* AudioModule.swift */ = {isa = PBXFileReference; lastKnownFileType = sourcecode.swift; path = AudioModule.swift; sourceTree = "<group>"; };
		1E53036229B1465D00685CB0 /* SpotMusicTests.xctest */ = {isa = PBXFileReference; explicitFileType = wrapper.cfbundle; includeInIndex = 0; path = SpotMusicTests.xctest; sourceTree = BUILT_PRODUCTS_DIR; };
		1E53036429B1465D00685CB0 /* HomeViewModelTest.swift */ = {isa = PBXFileReference; lastKnownFileType = sourcecode.swift; path = HomeViewModelTest.swift; sourceTree = "<group>"; };
		1E53036B29B1522B00685CB0 /* APIMock.swift */ = {isa = PBXFileReference; lastKnownFileType = sourcecode.swift; path = APIMock.swift; sourceTree = "<group>"; };
		1E53036D29B153D700685CB0 /* HomeViewSpy.swift */ = {isa = PBXFileReference; lastKnownFileType = sourcecode.swift; path = HomeViewSpy.swift; sourceTree = "<group>"; };
		1E53E6AC29C752A3009CBCE2 /* WebKit.swift */ = {isa = PBXFileReference; lastKnownFileType = sourcecode.swift; path = WebKit.swift; sourceTree = "<group>"; };
		1E53E6AF29C7AF7E009CBCE2 /* WebKitAuthViewModel.swift */ = {isa = PBXFileReference; lastKnownFileType = sourcecode.swift; path = WebKitAuthViewModel.swift; sourceTree = "<group>"; };
		1E53E6B129C7AF9C009CBCE2 /* WebKitAuthViewController.swift */ = {isa = PBXFileReference; lastKnownFileType = sourcecode.swift; path = WebKitAuthViewController.swift; sourceTree = "<group>"; };
		1E582A9029A29E5E00BB97F3 /* AddPlaylistViewController.swift */ = {isa = PBXFileReference; lastKnownFileType = sourcecode.swift; path = AddPlaylistViewController.swift; sourceTree = "<group>"; };
		1E58410029D7B416009B824D /* TrackRecommendationsModel.swift */ = {isa = PBXFileReference; lastKnownFileType = sourcecode.swift; path = TrackRecommendationsModel.swift; sourceTree = "<group>"; };
		1E64AE1629D0822000F8A64F /* AddMusicViewController.swift */ = {isa = PBXFileReference; lastKnownFileType = sourcecode.swift; path = AddMusicViewController.swift; sourceTree = "<group>"; };
		1E64AE1929D0A0D000F8A64F /* Colors.swift */ = {isa = PBXFileReference; lastKnownFileType = sourcecode.swift; path = Colors.swift; sourceTree = "<group>"; };
		1E64AE1B29D11CCC00F8A64F /* RecommendationsModel.swift */ = {isa = PBXFileReference; lastKnownFileType = sourcecode.swift; path = RecommendationsModel.swift; sourceTree = "<group>"; };
		1E64AE1D29D11F1200F8A64F /* AddMusicViewModel.swift */ = {isa = PBXFileReference; lastKnownFileType = sourcecode.swift; path = AddMusicViewModel.swift; sourceTree = "<group>"; };
		1E655E2C29BA82EB00B5D51B /* AudioModuleMock.swift */ = {isa = PBXFileReference; lastKnownFileType = sourcecode.swift; path = AudioModuleMock.swift; sourceTree = "<group>"; };
		1E655E2E29BA887900B5D51B /* NavigationControllerMock.swift */ = {isa = PBXFileReference; lastKnownFileType = sourcecode.swift; path = NavigationControllerMock.swift; sourceTree = "<group>"; };
		1E655E3229BA896000B5D51B /* CoordinatorTest.swift */ = {isa = PBXFileReference; lastKnownFileType = sourcecode.swift; path = CoordinatorTest.swift; sourceTree = "<group>"; };
		1E6CE2FF29CE677D00F8CB2D /* AddPlaylistModel.swift */ = {isa = PBXFileReference; lastKnownFileType = sourcecode.swift; path = AddPlaylistModel.swift; sourceTree = "<group>"; };
		1E7F584129DA1AAE00C92AC9 /* AddItemModel.swift */ = {isa = PBXFileReference; lastKnownFileType = sourcecode.swift; path = AddItemModel.swift; sourceTree = "<group>"; };
		1EA9E3182986EEBC00A3693A /* Models.swift */ = {isa = PBXFileReference; lastKnownFileType = sourcecode.swift; path = Models.swift; sourceTree = "<group>"; };
		1EA9E31A2986FDAD00A3693A /* PlaylistsHomeModel.swift */ = {isa = PBXFileReference; lastKnownFileType = sourcecode.swift; path = PlaylistsHomeModel.swift; sourceTree = "<group>"; };
		1EA9E32229873AF500A3693A /* PlaylistViewController.swift */ = {isa = PBXFileReference; lastKnownFileType = sourcecode.swift; path = PlaylistViewController.swift; sourceTree = "<group>"; };
		1EA9E32429873CE700A3693A /* PlaylistTableViewCell.swift */ = {isa = PBXFileReference; lastKnownFileType = sourcecode.swift; path = PlaylistTableViewCell.swift; sourceTree = "<group>"; };
		1EA9E3262989C28900A3693A /* PlaylistModel.swift */ = {isa = PBXFileReference; lastKnownFileType = sourcecode.swift; path = PlaylistModel.swift; sourceTree = "<group>"; };
		1EA9E3282989C56F00A3693A /* PlaylistViewModel.swift */ = {isa = PBXFileReference; lastKnownFileType = sourcecode.swift; path = PlaylistViewModel.swift; sourceTree = "<group>"; };
		1EB4D4E829DB9EBB009AB426 /* AddSearchViewController.swift */ = {isa = PBXFileReference; lastKnownFileType = sourcecode.swift; path = AddSearchViewController.swift; sourceTree = "<group>"; };
		1EB5FBE329A8080E00BF5440 /* SearchItemTableViewCell.swift */ = {isa = PBXFileReference; lastKnownFileType = sourcecode.swift; path = SearchItemTableViewCell.swift; sourceTree = "<group>"; };
		1ECA504429C3BCB000927034 /* PopUpViewController.swift */ = {isa = PBXFileReference; lastKnownFileType = sourcecode.swift; path = PopUpViewController.swift; sourceTree = "<group>"; };
		1EDB08F229BE9F6900E9C5E9 /* HomeViewControllerTest.swift */ = {isa = PBXFileReference; lastKnownFileType = sourcecode.swift; path = HomeViewControllerTest.swift; sourceTree = "<group>"; };
/* End PBXFileReference section */

/* Begin PBXFrameworksBuildPhase section */
		1E1244B229CD05610031B121 /* Frameworks */ = {
			isa = PBXFrameworksBuildPhase;
			buildActionMask = 2147483647;
			files = (
			);
			runOnlyForDeploymentPostprocessing = 0;
		};
		1E49B56C297D793C00698D1F /* Frameworks */ = {
			isa = PBXFrameworksBuildPhase;
			buildActionMask = 2147483647;
			files = (
				1EA9E32029871DC200A3693A /* SDWebImageMapKit in Frameworks */,
				1EA9E31E29871DC200A3693A /* SDWebImage in Frameworks */,
			);
			runOnlyForDeploymentPostprocessing = 0;
		};
		1E53035F29B1465D00685CB0 /* Frameworks */ = {
			isa = PBXFrameworksBuildPhase;
			buildActionMask = 2147483647;
			files = (
			);
			runOnlyForDeploymentPostprocessing = 0;
		};
/* End PBXFrameworksBuildPhase section */

/* Begin PBXGroup section */
		1E1244B629CD05610031B121 /* SpotMusicUITests */ = {
			isa = PBXGroup;
			children = (
				1E1244B729CD05610031B121 /* SpotMusicUITests.swift */,
				1E1244B929CD05610031B121 /* SpotMusicUITestsLaunchTests.swift */,
			);
			path = SpotMusicUITests;
			sourceTree = "<group>";
		};
		1E18439929BEB484002F792D /* AddPlaylistTest */ = {
			isa = PBXGroup;
			children = (
				1E18439A29BEB4A0002F792D /* AddplaylistViewControllerTest.swift */,
				1E3CC51529C2A2AF007E0FFC /* PromptTest.swift */,
				1E3CC51729C2A34A007E0FFC /* PromptViewDelegate.swift */,
			);
			path = AddPlaylistTest;
			sourceTree = "<group>";
		};
		1E2145E2298C5F1400109F03 /* AuthenticationManager */ = {
			isa = PBXGroup;
			children = (
			);
			path = AuthenticationManager;
			sourceTree = "<group>";
		};
		1E2B78C929D663AB00687CBA /* Credentials */ = {
			isa = PBXGroup;
			children = (
				1E2B78C729D65DAE00687CBA /* Credentials.swift */,
			);
			path = Credentials;
			sourceTree = "<group>";
		};
		1E2BB0822980875800608DE5 /* Views */ = {
			isa = PBXGroup;
			children = (
				1E21F662297F51B2004B1FA9 /* MusicCollectionViewCell.swift */,
			);
			path = Views;
			sourceTree = "<group>";
		};
		1E2BB083298087E600608DE5 /* Home */ = {
			isa = PBXGroup;
			children = (
				1E49B576297D793C00698D1F /* HomeViewController.swift */,
				1E49B591297DE01000698D1F /* HomeViewModel.swift */,
				1EA9E31A2986FDAD00A3693A /* PlaylistsHomeModel.swift */,
			);
			path = Home;
			sourceTree = "<group>";
		};
		1E3A77BE2A26A4D1001A71E8 /* Description */ = {
			isa = PBXGroup;
			children = (
				1E3A77BF2A26A4F0001A71E8 /* DescriptionViewController.swift */,
			);
			path = Description;
			sourceTree = "<group>";
		};
		1E3CC51929C2A727007E0FFC /* AudioModuleTest */ = {
			isa = PBXGroup;
			children = (
				1E3CC51A29C2A745007E0FFC /* AudioModuleTest.swift */,
				1E3CC51C29C2AB84007E0FFC /* audioPrueba.mp3 */,
			);
			path = AudioModuleTest;
			sourceTree = "<group>";
		};
		1E4353A329B4EE1000B0CC5A /* SearchTest */ = {
			isa = PBXGroup;
			children = (
				1E4353A429B4EE4100B0CC5A /* SearchResultViewModelTest.swift */,
				1E33E35E29B6BCA7007F9FAE /* SearchResultViewControllerTest.swift */,
			);
			path = SearchTest;
			sourceTree = "<group>";
		};
		1E49B566297D793C00698D1F = {
			isa = PBXGroup;
			children = (
				1E49B571297D793C00698D1F /* SpotMusic */,
				1E53036329B1465D00685CB0 /* SpotMusicTests */,
				1E1244B629CD05610031B121 /* SpotMusicUITests */,
				1E49B570297D793C00698D1F /* Products */,
			);
			sourceTree = "<group>";
		};
		1E49B570297D793C00698D1F /* Products */ = {
			isa = PBXGroup;
			children = (
				1E49B56F297D793C00698D1F /* SpotMusic.app */,
				1E53036229B1465D00685CB0 /* SpotMusicTests.xctest */,
				1E1244B529CD05610031B121 /* SpotMusicUITests.xctest */,
			);
			name = Products;
			sourceTree = "<group>";
		};
		1E49B571297D793C00698D1F /* SpotMusic */ = {
			isa = PBXGroup;
			children = (
				1E64AE1829D0A0C200F8A64F /* Extensions */,
				1E2BB0822980875800608DE5 /* Views */,
				1E49B590297DDFF800698D1F /* Modules */,
				1E49B58D297DDB9400698D1F /* Coordinators */,
				1E49B572297D793C00698D1F /* AppDelegate.swift */,
				1E49B586297D7A2A00698D1F /* Networking */,
				1E49B574297D793C00698D1F /* SceneDelegate.swift */,
				1E49B57B297D793F00698D1F /* Assets.xcassets */,
				1E49B57D297D793F00698D1F /* LaunchScreen.storyboard */,
				1E49B580297D793F00698D1F /* Info.plist */,
				1E49B589297DBC0300698D1F /* Help.swift */,
				1ECA504429C3BCB000927034 /* PopUpViewController.swift */,
			);
			path = SpotMusic;
			sourceTree = "<group>";
		};
		1E49B586297D7A2A00698D1F /* Networking */ = {
			isa = PBXGroup;
			children = (
				1E2B78C929D663AB00687CBA /* Credentials */,
				1E2145E2298C5F1400109F03 /* AuthenticationManager */,
				1E49B587297D7A4000698D1F /* APICaller.swift */,
				1E2145E3298C5F3000109F03 /* AuthenticationManager.swift */,
				1EA9E3182986EEBC00A3693A /* Models.swift */,
				1E2BA15629ABD22300CBD527 /* SearchResponseModel.swift */,
				1E2145E0298C5A5D00109F03 /* Models2.swift */,
				1E49B58B297DCCBD00698D1F /* KeychainManager.swift */,
				1E53E6AC29C752A3009CBCE2 /* WebKit.swift */,
			);
			path = Networking;
			sourceTree = "<group>";
		};
		1E49B58D297DDB9400698D1F /* Coordinators */ = {
			isa = PBXGroup;
			children = (
				1E49B58E297DDBA800698D1F /* MainCoordinator.swift */,
			);
			path = Coordinators;
			sourceTree = "<group>";
		};
		1E49B590297DDFF800698D1F /* Modules */ = {
			isa = PBXGroup;
			children = (
				1E3A77BE2A26A4D1001A71E8 /* Description */,
				1E53E6AE29C7AF54009CBCE2 /* WebKitAuth */,
				1E7642B129A58E6D0001CEAA /* Search */,
				1E582A8F29A29E3600BB97F3 /* AddPlaylist */,
				1E64AE1529D081F300F8A64F /* AddMusic */,
				1E4A8B9B2995989800D0714D /* Audio */,
				1EA9E32129873AC000A3693A /* Playlist */,
				1E2BB083298087E600608DE5 /* Home */,
			);
			path = Modules;
			sourceTree = "<group>";
		};
		1E4A8B9B2995989800D0714D /* Audio */ = {
			isa = PBXGroup;
			children = (
				1E4A8B992995988E00D0714D /* AudioModule.swift */,
			);
			path = Audio;
			sourceTree = "<group>";
		};
		1E53036329B1465D00685CB0 /* SpotMusicTests */ = {
			isa = PBXGroup;
			children = (
				1E3CC51929C2A727007E0FFC /* AudioModuleTest */,
				1E18439929BEB484002F792D /* AddPlaylistTest */,
				1E655E2B29BA82C900B5D51B /* Mocks */,
				1E4353A329B4EE1000B0CC5A /* SearchTest */,
				1E53037029B16B7800685CB0 /* PlaylistTest */,
				1E53036F29B16B5F00685CB0 /* HomeTest */,
				1E655E3229BA896000B5D51B /* CoordinatorTest.swift */,
			);
			path = SpotMusicTests;
			sourceTree = "<group>";
		};
		1E53036F29B16B5F00685CB0 /* HomeTest */ = {
			isa = PBXGroup;
			children = (
				1E53036D29B153D700685CB0 /* HomeViewSpy.swift */,
				1E53036429B1465D00685CB0 /* HomeViewModelTest.swift */,
				1EDB08F229BE9F6900E9C5E9 /* HomeViewControllerTest.swift */,
			);
			path = HomeTest;
			sourceTree = "<group>";
		};
		1E53037029B16B7800685CB0 /* PlaylistTest */ = {
			isa = PBXGroup;
			children = (
				1E43539F29B4DB5F00B0CC5A /* PlaylistViewModelTest.swift */,
				1E3C3C8629BAAB7400E3E6EF /* PlaylistViewControllerTest.swift */,
			);
			path = PlaylistTest;
			sourceTree = "<group>";
		};
		1E53E6AE29C7AF54009CBCE2 /* WebKitAuth */ = {
			isa = PBXGroup;
			children = (
				1E53E6AF29C7AF7E009CBCE2 /* WebKitAuthViewModel.swift */,
				1E53E6B129C7AF9C009CBCE2 /* WebKitAuthViewController.swift */,
				1E1244A529CA631F0031B121 /* WebKitModel.swift */,
			);
			path = WebKitAuth;
			sourceTree = "<group>";
		};
		1E582A8F29A29E3600BB97F3 /* AddPlaylist */ = {
			isa = PBXGroup;
			children = (
				1E582A9029A29E5E00BB97F3 /* AddPlaylistViewController.swift */,
				1E341EFB29C13C6A0098DF71 /* AddPlaylistViewModel.swift */,
				1E341EF929C135D80098DF71 /* PromptPlaylistCreatedView.swift */,
				1E6CE2FF29CE677D00F8CB2D /* AddPlaylistModel.swift */,
			);
			path = AddPlaylist;
			sourceTree = "<group>";
		};
		1E5840FF29D7B400009B824D /* Models */ = {
			isa = PBXGroup;
			children = (
				1E64AE1B29D11CCC00F8A64F /* RecommendationsModel.swift */,
				1E58410029D7B416009B824D /* TrackRecommendationsModel.swift */,
				1E7F584129DA1AAE00C92AC9 /* AddItemModel.swift */,
			);
			path = Models;
			sourceTree = "<group>";
		};
		1E64AE1529D081F300F8A64F /* AddMusic */ = {
			isa = PBXGroup;
			children = (
				1EB4D4E729DB9E8A009AB426 /* ViewModel */,
				1E5840FF29D7B400009B824D /* Models */,
				1E64AE1629D0822000F8A64F /* AddMusicViewController.swift */,
				1E2B78C529D629EB00687CBA /* AddMusicTableViewCell.swift */,
				1EB4D4E829DB9EBB009AB426 /* AddSearchViewController.swift */,
			);
			path = AddMusic;
			sourceTree = "<group>";
		};
		1E64AE1829D0A0C200F8A64F /* Extensions */ = {
			isa = PBXGroup;
			children = (
				1E64AE1929D0A0D000F8A64F /* Colors.swift */,
			);
			path = Extensions;
			sourceTree = "<group>";
		};
		1E655E2B29BA82C900B5D51B /* Mocks */ = {
			isa = PBXGroup;
			children = (
				1E53036B29B1522B00685CB0 /* APIMock.swift */,
				1E33E36029B6BE92007F9FAE /* SearchResultViewModelMock.swift */,
				1E655E2C29BA82EB00B5D51B /* AudioModuleMock.swift */,
				1E655E2E29BA887900B5D51B /* NavigationControllerMock.swift */,
				1E3C3C8829BAAC6100E3E6EF /* PlaylistViewModelMock.swift */,
			);
			path = Mocks;
			sourceTree = "<group>";
		};
		1E7642B129A58E6D0001CEAA /* Search */ = {
			isa = PBXGroup;
			children = (
				1E2BB0842980886900608DE5 /* SearchResultsViewController.swift */,
				1EB5FBE329A8080E00BF5440 /* SearchItemTableViewCell.swift */,
				1E38265029ABA44B005466CD /* SearchResultViewModel.swift */,
				1E38265229ABA827005466CD /* SearchModel.swift */,
			);
			path = Search;
			sourceTree = "<group>";
		};
		1EA9E32129873AC000A3693A /* Playlist */ = {
			isa = PBXGroup;
			children = (
				1EF3CD97299EE7A000FABC07 /* Model */,
				1EF3CD96299EE78600FABC07 /* Views */,
				1EA9E32229873AF500A3693A /* PlaylistViewController.swift */,
				1EA9E3282989C56F00A3693A /* PlaylistViewModel.swift */,
				1EA9E32429873CE700A3693A /* PlaylistTableViewCell.swift */,
			);
			path = Playlist;
			sourceTree = "<group>";
		};
		1EB4D4E729DB9E8A009AB426 /* ViewModel */ = {
			isa = PBXGroup;
			children = (
				1E64AE1D29D11F1200F8A64F /* AddMusicViewModel.swift */,
			);
			path = ViewModel;
			sourceTree = "<group>";
		};
		1EF3CD96299EE78600FABC07 /* Views */ = {
			isa = PBXGroup;
			children = (
			);
			path = Views;
			sourceTree = "<group>";
		};
		1EF3CD97299EE7A000FABC07 /* Model */ = {
			isa = PBXGroup;
			children = (
				1EA9E3262989C28900A3693A /* PlaylistModel.swift */,
			);
			path = Model;
			sourceTree = "<group>";
		};
/* End PBXGroup section */

/* Begin PBXNativeTarget section */
		1E1244B429CD05610031B121 /* SpotMusicUITests */ = {
			isa = PBXNativeTarget;
			buildConfigurationList = 1E1244BF29CD05610031B121 /* Build configuration list for PBXNativeTarget "SpotMusicUITests" */;
			buildPhases = (
				1E1244B129CD05610031B121 /* Sources */,
				1E1244B229CD05610031B121 /* Frameworks */,
				1E1244B329CD05610031B121 /* Resources */,
			);
			buildRules = (
			);
			dependencies = (
				1E1244BC29CD05610031B121 /* PBXTargetDependency */,
			);
			name = SpotMusicUITests;
			productName = SpotMusicUITests;
			productReference = 1E1244B529CD05610031B121 /* SpotMusicUITests.xctest */;
			productType = "com.apple.product-type.bundle.ui-testing";
		};
		1E49B56E297D793C00698D1F /* SpotMusic */ = {
			isa = PBXNativeTarget;
			buildConfigurationList = 1E49B583297D793F00698D1F /* Build configuration list for PBXNativeTarget "SpotMusic" */;
			buildPhases = (
				1E49B56B297D793C00698D1F /* Sources */,
				1E49B56C297D793C00698D1F /* Frameworks */,
				1E49B56D297D793C00698D1F /* Resources */,
			);
			buildRules = (
			);
			dependencies = (
			);
			name = SpotMusic;
			packageProductDependencies = (
				1EA9E31D29871DC200A3693A /* SDWebImage */,
				1EA9E31F29871DC200A3693A /* SDWebImageMapKit */,
			);
			productName = SpotMusic;
			productReference = 1E49B56F297D793C00698D1F /* SpotMusic.app */;
			productType = "com.apple.product-type.application";
		};
		1E53036129B1465D00685CB0 /* SpotMusicTests */ = {
			isa = PBXNativeTarget;
			buildConfigurationList = 1E53036829B1465D00685CB0 /* Build configuration list for PBXNativeTarget "SpotMusicTests" */;
			buildPhases = (
				1E53035E29B1465D00685CB0 /* Sources */,
				1E53035F29B1465D00685CB0 /* Frameworks */,
				1E53036029B1465D00685CB0 /* Resources */,
			);
			buildRules = (
			);
			dependencies = (
				1E53036729B1465D00685CB0 /* PBXTargetDependency */,
			);
			name = SpotMusicTests;
			productName = SpotMusicTests;
			productReference = 1E53036229B1465D00685CB0 /* SpotMusicTests.xctest */;
			productType = "com.apple.product-type.bundle.unit-test";
		};
/* End PBXNativeTarget section */

/* Begin PBXProject section */
		1E49B567297D793C00698D1F /* Project object */ = {
			isa = PBXProject;
			attributes = {
				BuildIndependentTargetsInParallel = 1;
				LastSwiftUpdateCheck = 1330;
				LastUpgradeCheck = 1330;
				TargetAttributes = {
					1E1244B429CD05610031B121 = {
						CreatedOnToolsVersion = 13.3.1;
						TestTargetID = 1E49B56E297D793C00698D1F;
					};
					1E49B56E297D793C00698D1F = {
						CreatedOnToolsVersion = 13.3.1;
					};
					1E53036129B1465D00685CB0 = {
						CreatedOnToolsVersion = 13.3.1;
						TestTargetID = 1E49B56E297D793C00698D1F;
					};
				};
			};
			buildConfigurationList = 1E49B56A297D793C00698D1F /* Build configuration list for PBXProject "SpotMusic" */;
			compatibilityVersion = "Xcode 13.0";
			developmentRegion = en;
			hasScannedForEncodings = 0;
			knownRegions = (
				en,
				Base,
			);
			mainGroup = 1E49B566297D793C00698D1F;
			packageReferences = (
				1EA9E31C29871DC200A3693A /* XCRemoteSwiftPackageReference "SDWebImage" */,
			);
			productRefGroup = 1E49B570297D793C00698D1F /* Products */;
			projectDirPath = "";
			projectRoot = "";
			targets = (
				1E49B56E297D793C00698D1F /* SpotMusic */,
				1E53036129B1465D00685CB0 /* SpotMusicTests */,
				1E1244B429CD05610031B121 /* SpotMusicUITests */,
			);
		};
/* End PBXProject section */

/* Begin PBXResourcesBuildPhase section */
		1E1244B329CD05610031B121 /* Resources */ = {
			isa = PBXResourcesBuildPhase;
			buildActionMask = 2147483647;
			files = (
			);
			runOnlyForDeploymentPostprocessing = 0;
		};
		1E49B56D297D793C00698D1F /* Resources */ = {
			isa = PBXResourcesBuildPhase;
			buildActionMask = 2147483647;
			files = (
				1E49B57F297D793F00698D1F /* LaunchScreen.storyboard in Resources */,
				1E49B57C297D793F00698D1F /* Assets.xcassets in Resources */,
			);
			runOnlyForDeploymentPostprocessing = 0;
		};
		1E53036029B1465D00685CB0 /* Resources */ = {
			isa = PBXResourcesBuildPhase;
			buildActionMask = 2147483647;
			files = (
				1E3CC51D29C2AB85007E0FFC /* audioPrueba.mp3 in Resources */,
			);
			runOnlyForDeploymentPostprocessing = 0;
		};
/* End PBXResourcesBuildPhase section */

/* Begin PBXSourcesBuildPhase section */
		1E1244B129CD05610031B121 /* Sources */ = {
			isa = PBXSourcesBuildPhase;
			buildActionMask = 2147483647;
			files = (
				1E1244BA29CD05610031B121 /* SpotMusicUITestsLaunchTests.swift in Sources */,
				1E1244B829CD05610031B121 /* SpotMusicUITests.swift in Sources */,
			);
			runOnlyForDeploymentPostprocessing = 0;
		};
		1E49B56B297D793C00698D1F /* Sources */ = {
			isa = PBXSourcesBuildPhase;
			buildActionMask = 2147483647;
			files = (
				1EA9E3292989C56F00A3693A /* PlaylistViewModel.swift in Sources */,
				1EA9E3192986EEBC00A3693A /* Models.swift in Sources */,
				1E341EFC29C13C6A0098DF71 /* AddPlaylistViewModel.swift in Sources */,
				1E64AE1A29D0A0D000F8A64F /* Colors.swift in Sources */,
				1EA9E3272989C28900A3693A /* PlaylistModel.swift in Sources */,
				1E2BA15729ABD22300CBD527 /* SearchResponseModel.swift in Sources */,
				1E341EFA29C135D80098DF71 /* PromptPlaylistCreatedView.swift in Sources */,
				1E38265329ABA827005466CD /* SearchModel.swift in Sources */,
				1E64AE1C29D11CCC00F8A64F /* RecommendationsModel.swift in Sources */,
				1E2145E4298C5F3000109F03 /* AuthenticationManager.swift in Sources */,
				1E53E6B029C7AF7E009CBCE2 /* WebKitAuthViewModel.swift in Sources */,
				1E2B78C629D629EB00687CBA /* AddMusicTableViewCell.swift in Sources */,
				1E49B58A297DBC0300698D1F /* Help.swift in Sources */,
				1EA9E31B2986FDAD00A3693A /* PlaylistsHomeModel.swift in Sources */,
				1E38265129ABA44B005466CD /* SearchResultViewModel.swift in Sources */,
				1E3A77C02A26A4F0001A71E8 /* DescriptionViewController.swift in Sources */,
				1E64AE1729D0822000F8A64F /* AddMusicViewController.swift in Sources */,
				1E49B58F297DDBA800698D1F /* MainCoordinator.swift in Sources */,
				1E49B58C297DCCBD00698D1F /* KeychainManager.swift in Sources */,
				1E53E6B229C7AF9C009CBCE2 /* WebKitAuthViewController.swift in Sources */,
				1E49B592297DE01000698D1F /* HomeViewModel.swift in Sources */,
				1E21F663297F51B2004B1FA9 /* MusicCollectionViewCell.swift in Sources */,
				1E2145E1298C5A5D00109F03 /* Models2.swift in Sources */,
				1ECA504529C3BCB000927034 /* PopUpViewController.swift in Sources */,
				1E49B577297D793C00698D1F /* HomeViewController.swift in Sources */,
				1E49B573297D793C00698D1F /* AppDelegate.swift in Sources */,
				1E58410129D7B416009B824D /* TrackRecommendationsModel.swift in Sources */,
				1E582A9129A29E5E00BB97F3 /* AddPlaylistViewController.swift in Sources */,
				1EB4D4E929DB9EBB009AB426 /* AddSearchViewController.swift in Sources */,
				1E4A8B9A2995988E00D0714D /* AudioModule.swift in Sources */,
				1EA9E32529873CE700A3693A /* PlaylistTableViewCell.swift in Sources */,
				1E1244A629CA631F0031B121 /* WebKitModel.swift in Sources */,
				1E64AE1E29D11F1200F8A64F /* AddMusicViewModel.swift in Sources */,
				1EB5FBE429A8080E00BF5440 /* SearchItemTableViewCell.swift in Sources */,
				1E49B575297D793C00698D1F /* SceneDelegate.swift in Sources */,
				1E2B78C829D65DAE00687CBA /* Credentials.swift in Sources */,
				1E49B588297D7A4000698D1F /* APICaller.swift in Sources */,
				1E53E6AD29C752A3009CBCE2 /* WebKit.swift in Sources */,
				1E6CE30029CE677D00F8CB2D /* AddPlaylistModel.swift in Sources */,
				1EA9E32329873AF500A3693A /* PlaylistViewController.swift in Sources */,
				1E7F584229DA1AAE00C92AC9 /* AddItemModel.swift in Sources */,
				1E2BB0852980886900608DE5 /* SearchResultsViewController.swift in Sources */,
			);
			runOnlyForDeploymentPostprocessing = 0;
		};
		1E53035E29B1465D00685CB0 /* Sources */ = {
			isa = PBXSourcesBuildPhase;
			buildActionMask = 2147483647;
			files = (
				1E33E36129B6BE92007F9FAE /* SearchResultViewModelMock.swift in Sources */,
				1E53036E29B153D700685CB0 /* HomeViewSpy.swift in Sources */,
				1E3CC51629C2A2AF007E0FFC /* PromptTest.swift in Sources */,
				1E655E3329BA896000B5D51B /* CoordinatorTest.swift in Sources */,
				1E655E2D29BA82EB00B5D51B /* AudioModuleMock.swift in Sources */,
				1E3C3C8929BAAC6100E3E6EF /* PlaylistViewModelMock.swift in Sources */,
				1E3C3C8729BAAB7400E3E6EF /* PlaylistViewControllerTest.swift in Sources */,
				1E33E35F29B6BCA7007F9FAE /* SearchResultViewControllerTest.swift in Sources */,
				1E4353A029B4DB5F00B0CC5A /* PlaylistViewModelTest.swift in Sources */,
				1EDB08F329BE9F6900E9C5E9 /* HomeViewControllerTest.swift in Sources */,
				1E4353A529B4EE4100B0CC5A /* SearchResultViewModelTest.swift in Sources */,
				1E3CC51829C2A34A007E0FFC /* PromptViewDelegate.swift in Sources */,
				1E3CC51B29C2A745007E0FFC /* AudioModuleTest.swift in Sources */,
				1E18439B29BEB4A0002F792D /* AddplaylistViewControllerTest.swift in Sources */,
				1E53036C29B1522B00685CB0 /* APIMock.swift in Sources */,
				1E53036529B1465D00685CB0 /* HomeViewModelTest.swift in Sources */,
				1E655E2F29BA887900B5D51B /* NavigationControllerMock.swift in Sources */,
			);
			runOnlyForDeploymentPostprocessing = 0;
		};
/* End PBXSourcesBuildPhase section */

/* Begin PBXTargetDependency section */
		1E1244BC29CD05610031B121 /* PBXTargetDependency */ = {
			isa = PBXTargetDependency;
			target = 1E49B56E297D793C00698D1F /* SpotMusic */;
			targetProxy = 1E1244BB29CD05610031B121 /* PBXContainerItemProxy */;
		};
		1E53036729B1465D00685CB0 /* PBXTargetDependency */ = {
			isa = PBXTargetDependency;
			target = 1E49B56E297D793C00698D1F /* SpotMusic */;
			targetProxy = 1E53036629B1465D00685CB0 /* PBXContainerItemProxy */;
		};
/* End PBXTargetDependency section */

/* Begin PBXVariantGroup section */
		1E49B57D297D793F00698D1F /* LaunchScreen.storyboard */ = {
			isa = PBXVariantGroup;
			children = (
				1E49B57E297D793F00698D1F /* Base */,
			);
			name = LaunchScreen.storyboard;
			sourceTree = "<group>";
		};
/* End PBXVariantGroup section */

/* Begin XCBuildConfiguration section */
		1E1244BD29CD05610031B121 /* Debug */ = {
			isa = XCBuildConfiguration;
			buildSettings = {
				CODE_SIGN_STYLE = Automatic;
				CURRENT_PROJECT_VERSION = 1;
				DEVELOPMENT_TEAM = 5QYF925T95;
				GENERATE_INFOPLIST_FILE = YES;
				MARKETING_VERSION = 1.0;
				PRODUCT_BUNDLE_IDENTIFIER = Marzabal.SpotMusicUITests;
				PRODUCT_NAME = "$(TARGET_NAME)";
				SWIFT_EMIT_LOC_STRINGS = NO;
				SWIFT_VERSION = 5.0;
				TARGETED_DEVICE_FAMILY = "1,2";
				TEST_TARGET_NAME = SpotMusic;
			};
			name = Debug;
		};
		1E1244BE29CD05610031B121 /* Release */ = {
			isa = XCBuildConfiguration;
			buildSettings = {
				CODE_SIGN_STYLE = Automatic;
				CURRENT_PROJECT_VERSION = 1;
				DEVELOPMENT_TEAM = 5QYF925T95;
				GENERATE_INFOPLIST_FILE = YES;
				MARKETING_VERSION = 1.0;
				PRODUCT_BUNDLE_IDENTIFIER = Marzabal.SpotMusicUITests;
				PRODUCT_NAME = "$(TARGET_NAME)";
				SWIFT_EMIT_LOC_STRINGS = NO;
				SWIFT_VERSION = 5.0;
				TARGETED_DEVICE_FAMILY = "1,2";
				TEST_TARGET_NAME = SpotMusic;
			};
			name = Release;
		};
		1E49B581297D793F00698D1F /* Debug */ = {
			isa = XCBuildConfiguration;
			buildSettings = {
				ALWAYS_SEARCH_USER_PATHS = NO;
				CLANG_ANALYZER_NONNULL = YES;
				CLANG_ANALYZER_NUMBER_OBJECT_CONVERSION = YES_AGGRESSIVE;
				CLANG_CXX_LANGUAGE_STANDARD = "gnu++17";
				CLANG_ENABLE_MODULES = YES;
				CLANG_ENABLE_OBJC_ARC = YES;
				CLANG_ENABLE_OBJC_WEAK = YES;
				CLANG_WARN_BLOCK_CAPTURE_AUTORELEASING = YES;
				CLANG_WARN_BOOL_CONVERSION = YES;
				CLANG_WARN_COMMA = YES;
				CLANG_WARN_CONSTANT_CONVERSION = YES;
				CLANG_WARN_DEPRECATED_OBJC_IMPLEMENTATIONS = YES;
				CLANG_WARN_DIRECT_OBJC_ISA_USAGE = YES_ERROR;
				CLANG_WARN_DOCUMENTATION_COMMENTS = YES;
				CLANG_WARN_EMPTY_BODY = YES;
				CLANG_WARN_ENUM_CONVERSION = YES;
				CLANG_WARN_INFINITE_RECURSION = YES;
				CLANG_WARN_INT_CONVERSION = YES;
				CLANG_WARN_NON_LITERAL_NULL_CONVERSION = YES;
				CLANG_WARN_OBJC_IMPLICIT_RETAIN_SELF = YES;
				CLANG_WARN_OBJC_LITERAL_CONVERSION = YES;
				CLANG_WARN_OBJC_ROOT_CLASS = YES_ERROR;
				CLANG_WARN_QUOTED_INCLUDE_IN_FRAMEWORK_HEADER = YES;
				CLANG_WARN_RANGE_LOOP_ANALYSIS = YES;
				CLANG_WARN_STRICT_PROTOTYPES = YES;
				CLANG_WARN_SUSPICIOUS_MOVE = YES;
				CLANG_WARN_UNGUARDED_AVAILABILITY = YES_AGGRESSIVE;
				CLANG_WARN_UNREACHABLE_CODE = YES;
				CLANG_WARN__DUPLICATE_METHOD_MATCH = YES;
				COPY_PHASE_STRIP = NO;
				DEBUG_INFORMATION_FORMAT = dwarf;
				ENABLE_STRICT_OBJC_MSGSEND = YES;
				ENABLE_TESTABILITY = YES;
				GCC_C_LANGUAGE_STANDARD = gnu11;
				GCC_DYNAMIC_NO_PIC = NO;
				GCC_NO_COMMON_BLOCKS = YES;
				GCC_OPTIMIZATION_LEVEL = 0;
				GCC_PREPROCESSOR_DEFINITIONS = (
					"DEBUG=1",
					"$(inherited)",
				);
				GCC_WARN_64_TO_32_BIT_CONVERSION = YES;
				GCC_WARN_ABOUT_RETURN_TYPE = YES_ERROR;
				GCC_WARN_UNDECLARED_SELECTOR = YES;
				GCC_WARN_UNINITIALIZED_AUTOS = YES_AGGRESSIVE;
				GCC_WARN_UNUSED_FUNCTION = YES;
				GCC_WARN_UNUSED_VARIABLE = YES;
				IPHONEOS_DEPLOYMENT_TARGET = 15.4;
				MTL_ENABLE_DEBUG_INFO = INCLUDE_SOURCE;
				MTL_FAST_MATH = YES;
				ONLY_ACTIVE_ARCH = YES;
				SDKROOT = iphoneos;
				SWIFT_ACTIVE_COMPILATION_CONDITIONS = DEBUG;
				SWIFT_OPTIMIZATION_LEVEL = "-Onone";
			};
			name = Debug;
		};
		1E49B582297D793F00698D1F /* Release */ = {
			isa = XCBuildConfiguration;
			buildSettings = {
				ALWAYS_SEARCH_USER_PATHS = NO;
				CLANG_ANALYZER_NONNULL = YES;
				CLANG_ANALYZER_NUMBER_OBJECT_CONVERSION = YES_AGGRESSIVE;
				CLANG_CXX_LANGUAGE_STANDARD = "gnu++17";
				CLANG_ENABLE_MODULES = YES;
				CLANG_ENABLE_OBJC_ARC = YES;
				CLANG_ENABLE_OBJC_WEAK = YES;
				CLANG_WARN_BLOCK_CAPTURE_AUTORELEASING = YES;
				CLANG_WARN_BOOL_CONVERSION = YES;
				CLANG_WARN_COMMA = YES;
				CLANG_WARN_CONSTANT_CONVERSION = YES;
				CLANG_WARN_DEPRECATED_OBJC_IMPLEMENTATIONS = YES;
				CLANG_WARN_DIRECT_OBJC_ISA_USAGE = YES_ERROR;
				CLANG_WARN_DOCUMENTATION_COMMENTS = YES;
				CLANG_WARN_EMPTY_BODY = YES;
				CLANG_WARN_ENUM_CONVERSION = YES;
				CLANG_WARN_INFINITE_RECURSION = YES;
				CLANG_WARN_INT_CONVERSION = YES;
				CLANG_WARN_NON_LITERAL_NULL_CONVERSION = YES;
				CLANG_WARN_OBJC_IMPLICIT_RETAIN_SELF = YES;
				CLANG_WARN_OBJC_LITERAL_CONVERSION = YES;
				CLANG_WARN_OBJC_ROOT_CLASS = YES_ERROR;
				CLANG_WARN_QUOTED_INCLUDE_IN_FRAMEWORK_HEADER = YES;
				CLANG_WARN_RANGE_LOOP_ANALYSIS = YES;
				CLANG_WARN_STRICT_PROTOTYPES = YES;
				CLANG_WARN_SUSPICIOUS_MOVE = YES;
				CLANG_WARN_UNGUARDED_AVAILABILITY = YES_AGGRESSIVE;
				CLANG_WARN_UNREACHABLE_CODE = YES;
				CLANG_WARN__DUPLICATE_METHOD_MATCH = YES;
				COPY_PHASE_STRIP = NO;
				DEBUG_INFORMATION_FORMAT = "dwarf-with-dsym";
				ENABLE_NS_ASSERTIONS = NO;
				ENABLE_STRICT_OBJC_MSGSEND = YES;
				GCC_C_LANGUAGE_STANDARD = gnu11;
				GCC_NO_COMMON_BLOCKS = YES;
				GCC_WARN_64_TO_32_BIT_CONVERSION = YES;
				GCC_WARN_ABOUT_RETURN_TYPE = YES_ERROR;
				GCC_WARN_UNDECLARED_SELECTOR = YES;
				GCC_WARN_UNINITIALIZED_AUTOS = YES_AGGRESSIVE;
				GCC_WARN_UNUSED_FUNCTION = YES;
				GCC_WARN_UNUSED_VARIABLE = YES;
				IPHONEOS_DEPLOYMENT_TARGET = 15.4;
				MTL_ENABLE_DEBUG_INFO = NO;
				MTL_FAST_MATH = YES;
				SDKROOT = iphoneos;
				SWIFT_COMPILATION_MODE = wholemodule;
				SWIFT_OPTIMIZATION_LEVEL = "-O";
				VALIDATE_PRODUCT = YES;
			};
			name = Release;
		};
		1E49B584297D793F00698D1F /* Debug */ = {
			isa = XCBuildConfiguration;
			buildSettings = {
				ASSETCATALOG_COMPILER_APPICON_NAME = AppIcon;
				ASSETCATALOG_COMPILER_GLOBAL_ACCENT_COLOR_NAME = AccentColor;
				CODE_SIGN_STYLE = Automatic;
				CURRENT_PROJECT_VERSION = 1;
				DEVELOPMENT_TEAM = 5QYF925T95;
				GENERATE_INFOPLIST_FILE = YES;
				INFOPLIST_FILE = SpotMusic/Info.plist;
				INFOPLIST_KEY_UIApplicationSupportsIndirectInputEvents = YES;
				INFOPLIST_KEY_UILaunchStoryboardName = LaunchScreen;
				INFOPLIST_KEY_UISupportedInterfaceOrientations_iPad = "UIInterfaceOrientationPortrait UIInterfaceOrientationPortraitUpsideDown UIInterfaceOrientationLandscapeLeft UIInterfaceOrientationLandscapeRight";
				INFOPLIST_KEY_UISupportedInterfaceOrientations_iPhone = "UIInterfaceOrientationPortrait UIInterfaceOrientationLandscapeLeft UIInterfaceOrientationLandscapeRight";
				LD_RUNPATH_SEARCH_PATHS = (
					"$(inherited)",
					"@executable_path/Frameworks",
				);
				MARKETING_VERSION = 1.0;
				PRODUCT_BUNDLE_IDENTIFIER = Marzabal.SpotMusic;
				PRODUCT_NAME = "$(TARGET_NAME)";
				SWIFT_EMIT_LOC_STRINGS = YES;
				SWIFT_VERSION = 5.0;
				TARGETED_DEVICE_FAMILY = "1,2";
			};
			name = Debug;
		};
		1E49B585297D793F00698D1F /* Release */ = {
			isa = XCBuildConfiguration;
			buildSettings = {
				ASSETCATALOG_COMPILER_APPICON_NAME = AppIcon;
				ASSETCATALOG_COMPILER_GLOBAL_ACCENT_COLOR_NAME = AccentColor;
				CODE_SIGN_STYLE = Automatic;
				CURRENT_PROJECT_VERSION = 1;
				DEVELOPMENT_TEAM = 5QYF925T95;
				GENERATE_INFOPLIST_FILE = YES;
				INFOPLIST_FILE = SpotMusic/Info.plist;
				INFOPLIST_KEY_UIApplicationSupportsIndirectInputEvents = YES;
				INFOPLIST_KEY_UILaunchStoryboardName = LaunchScreen;
				INFOPLIST_KEY_UISupportedInterfaceOrientations_iPad = "UIInterfaceOrientationPortrait UIInterfaceOrientationPortraitUpsideDown UIInterfaceOrientationLandscapeLeft UIInterfaceOrientationLandscapeRight";
				INFOPLIST_KEY_UISupportedInterfaceOrientations_iPhone = "UIInterfaceOrientationPortrait UIInterfaceOrientationLandscapeLeft UIInterfaceOrientationLandscapeRight";
				LD_RUNPATH_SEARCH_PATHS = (
					"$(inherited)",
					"@executable_path/Frameworks",
				);
				MARKETING_VERSION = 1.0;
				PRODUCT_BUNDLE_IDENTIFIER = Marzabal.SpotMusic;
				PRODUCT_NAME = "$(TARGET_NAME)";
				SWIFT_EMIT_LOC_STRINGS = YES;
				SWIFT_VERSION = 5.0;
				TARGETED_DEVICE_FAMILY = "1,2";
			};
			name = Release;
		};
		1E53036929B1465D00685CB0 /* Debug */ = {
			isa = XCBuildConfiguration;
			buildSettings = {
				BUNDLE_LOADER = "$(TEST_HOST)";
				CODE_SIGN_STYLE = Automatic;
				CURRENT_PROJECT_VERSION = 1;
				DEVELOPMENT_TEAM = 5QYF925T95;
				GENERATE_INFOPLIST_FILE = YES;
				MARKETING_VERSION = 1.0;
				PRODUCT_BUNDLE_IDENTIFIER = Marzabal.SpotMusicTests;
				PRODUCT_NAME = "$(TARGET_NAME)";
				SWIFT_EMIT_LOC_STRINGS = NO;
				SWIFT_VERSION = 5.0;
				TARGETED_DEVICE_FAMILY = "1,2";
				TEST_HOST = "$(BUILT_PRODUCTS_DIR)/SpotMusic.app/SpotMusic";
			};
			name = Debug;
		};
		1E53036A29B1465D00685CB0 /* Release */ = {
			isa = XCBuildConfiguration;
			buildSettings = {
				BUNDLE_LOADER = "$(TEST_HOST)";
				CODE_SIGN_STYLE = Automatic;
				CURRENT_PROJECT_VERSION = 1;
				DEVELOPMENT_TEAM = 5QYF925T95;
				GENERATE_INFOPLIST_FILE = YES;
				MARKETING_VERSION = 1.0;
				PRODUCT_BUNDLE_IDENTIFIER = Marzabal.SpotMusicTests;
				PRODUCT_NAME = "$(TARGET_NAME)";
				SWIFT_EMIT_LOC_STRINGS = NO;
				SWIFT_VERSION = 5.0;
				TARGETED_DEVICE_FAMILY = "1,2";
				TEST_HOST = "$(BUILT_PRODUCTS_DIR)/SpotMusic.app/SpotMusic";
			};
			name = Release;
		};
/* End XCBuildConfiguration section */

/* Begin XCConfigurationList section */
		1E1244BF29CD05610031B121 /* Build configuration list for PBXNativeTarget "SpotMusicUITests" */ = {
			isa = XCConfigurationList;
			buildConfigurations = (
				1E1244BD29CD05610031B121 /* Debug */,
				1E1244BE29CD05610031B121 /* Release */,
			);
			defaultConfigurationIsVisible = 0;
			defaultConfigurationName = Release;
		};
		1E49B56A297D793C00698D1F /* Build configuration list for PBXProject "SpotMusic" */ = {
			isa = XCConfigurationList;
			buildConfigurations = (
				1E49B581297D793F00698D1F /* Debug */,
				1E49B582297D793F00698D1F /* Release */,
			);
			defaultConfigurationIsVisible = 0;
			defaultConfigurationName = Release;
		};
		1E49B583297D793F00698D1F /* Build configuration list for PBXNativeTarget "SpotMusic" */ = {
			isa = XCConfigurationList;
			buildConfigurations = (
				1E49B584297D793F00698D1F /* Debug */,
				1E49B585297D793F00698D1F /* Release */,
			);
			defaultConfigurationIsVisible = 0;
			defaultConfigurationName = Release;
		};
		1E53036829B1465D00685CB0 /* Build configuration list for PBXNativeTarget "SpotMusicTests" */ = {
			isa = XCConfigurationList;
			buildConfigurations = (
				1E53036929B1465D00685CB0 /* Debug */,
				1E53036A29B1465D00685CB0 /* Release */,
			);
			defaultConfigurationIsVisible = 0;
			defaultConfigurationName = Release;
		};
/* End XCConfigurationList section */

/* Begin XCRemoteSwiftPackageReference section */
		1EA9E31C29871DC200A3693A /* XCRemoteSwiftPackageReference "SDWebImage" */ = {
			isa = XCRemoteSwiftPackageReference;
			repositoryURL = "https://github.com/SDWebImage/SDWebImage.git";
			requirement = {
				branch = master;
				kind = branch;
			};
		};
/* End XCRemoteSwiftPackageReference section */

/* Begin XCSwiftPackageProductDependency section */
		1EA9E31D29871DC200A3693A /* SDWebImage */ = {
			isa = XCSwiftPackageProductDependency;
			package = 1EA9E31C29871DC200A3693A /* XCRemoteSwiftPackageReference "SDWebImage" */;
			productName = SDWebImage;
		};
		1EA9E31F29871DC200A3693A /* SDWebImageMapKit */ = {
			isa = XCSwiftPackageProductDependency;
			package = 1EA9E31C29871DC200A3693A /* XCRemoteSwiftPackageReference "SDWebImage" */;
			productName = SDWebImageMapKit;
		};
/* End XCSwiftPackageProductDependency section */
	};
	rootObject = 1E49B567297D793C00698D1F /* Project object */;
}
